// !$*UTF8*$!
{
	archiveVersion = 1;
	classes = {
	};
	objectVersion = 46;
	objects = {

/* Begin PBXBuildFile section */
		05F334BB1E55CE7600ECCA9E /* AppDelegate.swift in Sources */ = {isa = PBXBuildFile; fileRef = 05F334BA1E55CE7600ECCA9E /* AppDelegate.swift */; };
		05F334BD1E55CE7600ECCA9E /* ViewController.swift in Sources */ = {isa = PBXBuildFile; fileRef = 05F334BC1E55CE7600ECCA9E /* ViewController.swift */; };
		05F334C01E55CE7600ECCA9E /* Main.storyboard in Resources */ = {isa = PBXBuildFile; fileRef = 05F334BE1E55CE7600ECCA9E /* Main.storyboard */; };
		05F334C21E55CE7600ECCA9E /* Assets.xcassets in Resources */ = {isa = PBXBuildFile; fileRef = 05F334C11E55CE7600ECCA9E /* Assets.xcassets */; };
		05F334C51E55CE7600ECCA9E /* LaunchScreen.storyboard in Resources */ = {isa = PBXBuildFile; fileRef = 05F334C31E55CE7600ECCA9E /* LaunchScreen.storyboard */; };
/* End PBXBuildFile section */

/* Begin PBXFileReference section */
		05F334B71E55CE7600ECCA9E /* instagram.app */ = {isa = PBXFileReference; explicitFileType = wrapper.application; includeInIndex = 0; path = instagram.app; sourceTree = BUILT_PRODUCTS_DIR; };
		05F334BA1E55CE7600ECCA9E /* AppDelegate.swift */ = {isa = PBXFileReference; lastKnownFileType = sourcecode.swift; path = AppDelegate.swift; sourceTree = "<group>"; };
		05F334BC1E55CE7600ECCA9E /* ViewController.swift */ = {isa = PBXFileReference; lastKnownFileType = sourcecode.swift; path = ViewController.swift; sourceTree = "<group>"; };
		05F334BF1E55CE7600ECCA9E /* Base */ = {isa = PBXFileReference; lastKnownFileType = file.storyboard; name = Base; path = Base.lproj/Main.storyboard; sourceTree = "<group>"; };
		05F334C11E55CE7600ECCA9E /* Assets.xcassets */ = {isa = PBXFileReference; lastKnownFileType = folder.assetcatalog; path = Assets.xcassets; sourceTree = "<group>"; };
		05F334C41E55CE7600ECCA9E /* Base */ = {isa = PBXFileReference; lastKnownFileType = file.storyboard; name = Base; path = Base.lproj/LaunchScreen.storyboard; sourceTree = "<group>"; };
		05F334C61E55CE7600ECCA9E /* Info.plist */ = {isa = PBXFileReference; lastKnownFileType = text.plist.xml; path = Info.plist; sourceTree = "<group>"; };
/* End PBXFileReference section */

/* Begin PBXFrameworksBuildPhase section */
		05F334B41E55CE7600ECCA9E /* Frameworks */ = {
			isa = PBXFrameworksBuildPhase;
			buildActionMask = 2147483647;
			files = (
			);
			runOnlyForDeploymentPostprocessing = 0;
		};
/* End PBXFrameworksBuildPhase section */

/* Begin PBXGroup section */
		05F334AE1E55CE7600ECCA9E = {
			isa = PBXGroup;
			children = (
				05F334B91E55CE7600ECCA9E /* instagram */,
				05F334B81E55CE7600ECCA9E /* Products */,
			);
			sourceTree = "<group>";
		};
		05F334B81E55CE7600ECCA9E /* Products */ = {
			isa = PBXGroup;
			children = (
				05F334B71E55CE7600ECCA9E /* instagram.app */,
			);
			name = Products;
			sourceTree = "<group>";
		};
		05F334B91E55CE7600ECCA9E /* instagram */ = {
			isa = PBXGroup;
			children = (
				05F334BA1E55CE7600ECCA9E /* AppDelegate.swift */,
				05F334BC1E55CE7600ECCA9E /* ViewController.swift */,
				05F334BE1E55CE7600ECCA9E /* Main.storyboard */,
				05F334C11E55CE7600ECCA9E /* Assets.xcassets */,
				05F334C31E55CE7600ECCA9E /* LaunchScreen.storyboard */,
				05F334C61E55CE7600ECCA9E /* Info.plist */,
			);
			path = instagram;
			sourceTree = "<group>";
		};
/* End PBXGroup section */

/* Begin PBXNativeTarget section */
		05F334B61E55CE7600ECCA9E /* instagram */ = {
			isa = PBXNativeTarget;
			buildConfigurationList = 05F334C91E55CE7600ECCA9E /* Build configuration list for PBXNativeTarget "instagram" */;
			buildPhases = (
				05F334B31E55CE7600ECCA9E /* Sources */,
				05F334B41E55CE7600ECCA9E /* Frameworks */,
				05F334B51E55CE7600ECCA9E /* Resources */,
			);
			buildRules = (
			);
			dependencies = (
			);
			name = instagram;
			productName = instagram;
			productReference = 05F334B71E55CE7600ECCA9E /* instagram.app */;
			productType = "com.apple.product-type.application";
		};
/* End PBXNativeTarget section */

/* Begin PBXProject section */
		05F334AF1E55CE7600ECCA9E /* Project object */ = {
			isa = PBXProject;
			attributes = {
				LastSwiftUpdateCheck = 0810;
				LastUpgradeCheck = 0810;
				ORGANIZATIONNAME = "Linh Le";
				TargetAttributes = {
					05F334B61E55CE7600ECCA9E = {
						CreatedOnToolsVersion = 8.1;
						DevelopmentTeam = 8D5SZ9A5H3;
						ProvisioningStyle = Automatic;
					};
				};
			};
			buildConfigurationList = 05F334B21E55CE7600ECCA9E /* Build configuration list for PBXProject "instagram" */;
			compatibilityVersion = "Xcode 3.2";
			developmentRegion = English;
			hasScannedForEncodings = 0;
			knownRegions = (
				en,
				Base,
			);
			mainGroup = 05F334AE1E55CE7600ECCA9E;
			productRefGroup = 05F334B81E55CE7600ECCA9E /* Products */;
			projectDirPath = "";
			projectRoot = "";
			targets = (
				05F334B61E55CE7600ECCA9E /* instagram */,
			);
		};
/* End PBXProject section */

/* Begin PBXResourcesBuildPhase section */
		05F334B51E55CE7600ECCA9E /* Resources */ = {
			isa = PBXResourcesBuildPhase;
			buildActionMask = 2147483647;
			files = (
				05F334C51E55CE7600ECCA9E /* LaunchScreen.storyboard in Resources */,
				05F334C21E55CE7600ECCA9E /* Assets.xcassets in Resources */,
				05F334C01E55CE7600ECCA9E /* Main.storyboard in Resources */,
			);
			runOnlyForDeploymentPostprocessing = 0;
		};
/* End PBXResourcesBuildPhase section */

/* Begin PBXSourcesBuildPhase section */
		05F334B31E55CE7600ECCA9E /* Sources */ = {
			isa = PBXSourcesBuildPhase;
			buildActionMask = 2147483647;
			files = (
				05F334BD1E55CE7600ECCA9E /* ViewController.swift in Sources */,
				05F334BB1E55CE7600ECCA9E /* AppDelegate.swift in Sources */,
			);
			runOnlyForDeploymentPostprocessing = 0;
		};
/* End PBXSourcesBuildPhase section */

/* Begin PBXVariantGroup section */
		05F334BE1E55CE7600ECCA9E /* Main.storyboard */ = {
			isa = PBXVariantGroup;
			children = (
				05F334BF1E55CE7600ECCA9E /* Base */,
			);
			name = Main.storyboard;
			sourceTree = "<group>";
		};
		05F334C31E55CE7600ECCA9E /* LaunchScreen.storyboard */ = {
			isa = PBXVariantGroup;
			children = (
				05F334C41E55CE7600ECCA9E /* Base */,
			);
			name = LaunchScreen.storyboard;
			sourceTree = "<group>";
		};
/* End PBXVariantGroup section */

/* Begin XCBuildConfiguration section */
		05F334C71E55CE7600ECCA9E /* Debug */ = {
			isa = XCBuildConfiguration;
			buildSettings = {
				ALWAYS_SEARCH_USER_PATHS = NO;
				CLANG_ANALYZER_NONNULL = YES;
				CLANG_CXX_LANGUAGE_STANDARD = "gnu++0x";
				CLANG_CXX_LIBRARY = "libc++";
				CLANG_ENABLE_MODULES = YES;
				CLANG_ENABLE_OBJC_ARC = YES;
				CLANG_WARN_BOOL_CONVERSION = YES;
				CLANG_WARN_CONSTANT_CONVERSION = YES;
				CLANG_WARN_DIRECT_OBJC_ISA_USAGE = YES_ERROR;
				CLANG_WARN_DOCUMENTATION_COMMENTS = YES;
				CLANG_WARN_EMPTY_BODY = YES;
				CLANG_WARN_ENUM_CONVERSION = YES;
				CLANG_WARN_INFINITE_RECURSION = YES;
				CLANG_WARN_INT_CONVERSION = YES;
				CLANG_WARN_OBJC_ROOT_CLASS = YES_ERROR;
				CLANG_WARN_SUSPICIOUS_MOVES = YES;
				CLANG_WARN_UNREACHABLE_CODE = YES;
				CLANG_WARN__DUPLICATE_METHOD_MATCH = YES;
				"CODE_SIGN_IDENTITY[sdk=iphoneos*]" = "iPhone Developer";
				COPY_PHASE_STRIP = NO;
				DEBUG_INFORMATION_FORMAT = dwarf;
				ENABLE_STRICT_OBJC_MSGSEND = YES;
				ENABLE_TESTABILITY = YES;
				GCC_C_LANGUAGE_STANDARD = gnu99;
				GCC_DYNAMIC_NO_PIC = NO;
				GCC_NO_COMMON_BLOCKS = YES;
				GCC_OPTIMIZATION_LEVEL = 0;
				GCC_PREPROCESSOR_DEFINITIONS = (
					"DEBUG=1",
					"$(inherited)",
				);
				GCC_WARN_64_TO_32_BIT_CONVERSION = YES;
				GCC_WARN_ABOUT_RETURN_TYPE = YES_ERROR;
				GCC_WARN_UNDECLARED_SELECTOR = YES;
				GCC_WARN_UNINITIALIZED_AUTOS = YES_AGGRESSIVE;
				GCC_WARN_UNUSED_FUNCTION = YES;
				GCC_WARN_UNUSED_VARIABLE = YES;
				IPHONEOS_DEPLOYMENT_TARGET = 10.1;
				MTL_ENABLE_DEBUG_INFO = YES;
				ONLY_ACTIVE_ARCH = YES;
				SDKROOT = iphoneos;
				SWIFT_ACTIVE_COMPILATION_CONDITIONS = DEBUG;
				SWIFT_OPTIMIZATION_LEVEL = "-Onone";
			};
			name = Debug;
		};
		05F334C81E55CE7600ECCA9E /* Release */ = {
			isa = XCBuildConfiguration;
			buildSettings = {
				ALWAYS_SEARCH_USER_PATHS = NO;
				CLANG_ANALYZER_NONNULL = YES;
				CLANG_CXX_LANGUAGE_STANDARD = "gnu++0x";
				CLANG_CXX_LIBRARY = "libc++";
				CLANG_ENABLE_MODULES = YES;
				CLANG_ENABLE_OBJC_ARC = YES;
				CLANG_WARN_BOOL_CONVERSION = YES;
				CLANG_WARN_CONSTANT_CONVERSION = YES;
				CLANG_WARN_DIRECT_OBJC_ISA_USAGE = YES_ERROR;
				CLANG_WARN_DOCUMENTATION_COMMENTS = YES;
				CLANG_WARN_EMPTY_BODY = YES;
				CLANG_WARN_ENUM_CONVERSION = YES;
				CLANG_WARN_INFINITE_RECURSION = YES;
				CLANG_WARN_INT_CONVERSION = YES;
				CLANG_WARN_OBJC_ROOT_CLASS = YES_ERROR;
				CLANG_WARN_SUSPICIOUS_MOVES = YES;
				CLANG_WARN_UNREACHABLE_CODE = YES;
				CLANG_WARN__DUPLICATE_METHOD_MATCH = YES;
				"CODE_SIGN_IDENTITY[sdk=iphoneos*]" = "iPhone Developer";
				COPY_PHASE_STRIP = NO;
				DEBUG_INFORMATION_FORMAT = "dwarf-with-dsym";
				ENABLE_NS_ASSERTIONS = NO;
				ENABLE_STRICT_OBJC_MSGSEND = YES;
				GCC_C_LANGUAGE_STANDARD = gnu99;
				GCC_NO_COMMON_BLOCKS = YES;
				GCC_WARN_64_TO_32_BIT_CONVERSION = YES;
				GCC_WARN_ABOUT_RETURN_TYPE = YES_ERROR;
				GCC_WARN_UNDECLARED_SELECTOR = YES;
				GCC_WARN_UNINITIALIZED_AUTOS = YES_AGGRESSIVE;
				GCC_WARN_UNUSED_FUNCTION = YES;
				GCC_WARN_UNUSED_VARIABLE = YES;
				IPHONEOS_DEPLOYMENT_TARGET = 10.1;
				MTL_ENABLE_DEBUG_INFO = NO;
				SDKROOT = iphoneos;
				SWIFT_OPTIMIZATION_LEVEL = "-Owholemodule";
				VALIDATE_PRODUCT = YES;
			};
			name = Release;
		};
		05F334CA1E55CE7600ECCA9E /* Debug */ = {
			isa = XCBuildConfiguration;
			buildSettings = {
				ASSETCATALOG_COMPILER_APPICON_NAME = AppIcon;
				DEVELOPMENT_TEAM = 8D5SZ9A5H3;
				INFOPLIST_FILE = instagram/Info.plist;
				LD_RUNPATH_SEARCH_PATHS = "$(inherited) @executable_path/Frameworks";
				PRODUCT_BUNDLE_IDENTIFIER = linken.instagram;
				PRODUCT_NAME = "$(TARGET_NAME)";
				SWIFT_VERSION = 3.0;
			};
			name = Debug;
		};
		05F334CB1E55CE7600ECCA9E /* Release */ = {
			isa = XCBuildConfiguration;
			buildSettings = {
				ASSETCATALOG_COMPILER_APPICON_NAME = AppIcon;
				DEVELOPMENT_TEAM = 8D5SZ9A5H3;
				INFOPLIST_FILE = instagram/Info.plist;
				LD_RUNPATH_SEARCH_PATHS = "$(inherited) @executable_path/Frameworks";
				PRODUCT_BUNDLE_IDENTIFIER = linken.instagram;
				PRODUCT_NAME = "$(TARGET_NAME)";
				SWIFT_VERSION = 3.0;
			};
			name = Release;
		};
/* End XCBuildConfiguration section */

/* Begin XCConfigurationList section */
		05F334B21E55CE7600ECCA9E /* Build configuration list for PBXProject "instagram" */ = {
			isa = XCConfigurationList;
			buildConfigurations = (
				05F334C71E55CE7600ECCA9E /* Debug */,
				05F334C81E55CE7600ECCA9E /* Release */,
			);
			defaultConfigurationIsVisible = 0;
			defaultConfigurationName = Release;
		};
		05F334C91E55CE7600ECCA9E /* Build configuration list for PBXNativeTarget "instagram" */ = {
			isa = XCConfigurationList;
			buildConfigurations = (
				05F334CA1E55CE7600ECCA9E /* Debug */,
				05F334CB1E55CE7600ECCA9E /* Release */,
			);
			defaultConfigurationIsVisible = 0;
		};
/* End XCConfigurationList section */
	};
	rootObject = 05F334AF1E55CE7600ECCA9E /* Project object */;
}
